
Microsoft Visual Studio Solution File, Format Version 12.00
# Visual Studio Version 16
VisualStudioVersion = 16.0.30804.86
MinimumVisualStudioVersion = 10.0.40219.1
Project("{FAE04EC0-301F-11D3-BF4B-00C04F79EFBC}") = "ConsoleAppPri", "ConsoleAppPri\ConsoleAppPri.csproj", "{AE760AD0-B34F-48A6-ACAA-90DA70EB9EEA}"
EndProject
Global
	GlobalSection(SolutionConfigurationPlatforms) = preSolution
		Debug|Any CPU = Debug|Any CPU
		Release|Any CPU = Release|Any CPU
	EndGlobalSection
	GlobalSection(ProjectConfigurationPlatforms) = postSolution
		{AE760AD0-B34F-48A6-ACAA-90DA70EB9EEA}.Debug|Any CPU.ActiveCfg = Debug|Any CPU
		{AE760AD0-B34F-48A6-ACAA-90DA70EB9EEA}.Debug|Any CPU.Build.0 = Debug|Any CPU
		{AE760AD0-B34F-48A6-ACAA-90DA70EB9EEA}.Release|Any CPU.ActiveCfg = Release|Any CPU
		{AE760AD0-B34F-48A6-ACAA-90DA70EB9EEA}.Release|Any CPU.Build.0 = Release|Any CPU
	EndGlobalSection
	GlobalSection(SolutionProperties) = preSolution
		HideSolutionNode = FALSE
	EndGlobalSection
	GlobalSection(ExtensibilityGlobals) = postSolution
		SolutionGuid = {186E7505-1A1C-4B45-9677-90C6CDF9239A}
	EndGlobalSection
EndGlobal
